
Microsoft Visual Studio Solution File, Format Version 12.00
# Visual Studio Version 16
VisualStudioVersion = 16.0.30114.105
MinimumVisualStudioVersion = 10.0.40219.1
Project("{9A19103F-16F7-4668-BE54-9A1E7A4F7556}") = "DatingApp31", "DatingApp31\DatingApp31.csproj", "{96CFEBD4-F629-47BA-81A0-A4587729AD4D}"
EndProject
Project("{E24C65DC-7377-472B-9ABA-BC803B73C61A}") = "DatingApp-Client", "DatingApp-Client\", "{08617C09-3284-45F0-AEE7-D10DC8E87B88}"
	ProjectSection(WebsiteProperties) = preProject
		TargetFrameworkMoniker = ".NETFramework,Version%3Dv4.0"
		Debug.AspNetCompiler.VirtualPath = "/localhost_53257"
		Debug.AspNetCompiler.PhysicalPath = "DatingApp-Client\"
		Debug.AspNetCompiler.TargetPath = "PrecompiledWeb\localhost_53257\"
		Debug.AspNetCompiler.Updateable = "true"
		Debug.AspNetCompiler.ForceOverwrite = "true"
		Debug.AspNetCompiler.FixedNames = "false"
		Debug.AspNetCompiler.Debug = "True"
		Release.AspNetCompiler.VirtualPath = "/localhost_53257"
		Release.AspNetCompiler.PhysicalPath = "DatingApp-Client\"
		Release.AspNetCompiler.TargetPath = "PrecompiledWeb\localhost_53257\"
		Release.AspNetCompiler.Updateable = "true"
		Release.AspNetCompiler.ForceOverwrite = "true"
		Release.AspNetCompiler.FixedNames = "false"
		Release.AspNetCompiler.Debug = "False"
		VWDPort = "53257"
		SlnRelativePath = "DatingApp-Client\"
	EndProjectSection
EndProject
Global
	GlobalSection(SolutionConfigurationPlatforms) = preSolution
		Debug|Any CPU = Debug|Any CPU
		Release|Any CPU = Release|Any CPU
	EndGlobalSection
	GlobalSection(ProjectConfigurationPlatforms) = postSolution
		{96CFEBD4-F629-47BA-81A0-A4587729AD4D}.Debug|Any CPU.ActiveCfg = Debug|Any CPU
		{96CFEBD4-F629-47BA-81A0-A4587729AD4D}.Debug|Any CPU.Build.0 = Debug|Any CPU
		{96CFEBD4-F629-47BA-81A0-A4587729AD4D}.Release|Any CPU.ActiveCfg = Release|Any CPU
		{96CFEBD4-F629-47BA-81A0-A4587729AD4D}.Release|Any CPU.Build.0 = Release|Any CPU
		{08617C09-3284-45F0-AEE7-D10DC8E87B88}.Debug|Any CPU.ActiveCfg = Debug|Any CPU
		{08617C09-3284-45F0-AEE7-D10DC8E87B88}.Debug|Any CPU.Build.0 = Debug|Any CPU
		{08617C09-3284-45F0-AEE7-D10DC8E87B88}.Release|Any CPU.ActiveCfg = Debug|Any CPU
		{08617C09-3284-45F0-AEE7-D10DC8E87B88}.Release|Any CPU.Build.0 = Debug|Any CPU
	EndGlobalSection
	GlobalSection(SolutionProperties) = preSolution
		HideSolutionNode = FALSE
	EndGlobalSection
	GlobalSection(ExtensibilityGlobals) = postSolution
		SolutionGuid = {0A42C0A4-990B-402A-A1D1-61BEF7105132}
	EndGlobalSection
EndGlobal
