
Microsoft Visual Studio Solution File, Format Version 12.00
# Visual Studio Version 16
VisualStudioVersion = 16.0.30114.105
MinimumVisualStudioVersion = 10.0.40219.1
Project("{FAE04EC0-301F-11D3-BF4B-00C04F79EFBC}") = "DatingApp31", "DatingApp31\DatingApp31.csproj", "{96CFEBD4-F629-47BA-81A0-A4587729AD4D}"
EndProject
Global
	GlobalSection(SolutionConfigurationPlatforms) = preSolution
		Debug|Any CPU = Debug|Any CPU
		Release|Any CPU = Release|Any CPU
	EndGlobalSection
	GlobalSection(ProjectConfigurationPlatforms) = postSolution
		{96CFEBD4-F629-47BA-81A0-A4587729AD4D}.Debug|Any CPU.ActiveCfg = Debug|Any CPU
		{96CFEBD4-F629-47BA-81A0-A4587729AD4D}.Debug|Any CPU.Build.0 = Debug|Any CPU
		{96CFEBD4-F629-47BA-81A0-A4587729AD4D}.Release|Any CPU.ActiveCfg = Release|Any CPU
		{96CFEBD4-F629-47BA-81A0-A4587729AD4D}.Release|Any CPU.Build.0 = Release|Any CPU
	EndGlobalSection
	GlobalSection(SolutionProperties) = preSolution
		HideSolutionNode = FALSE
	EndGlobalSection
	GlobalSection(ExtensibilityGlobals) = postSolution
		SolutionGuid = {0A42C0A4-990B-402A-A1D1-61BEF7105132}
	EndGlobalSection
EndGlobal
